// !$*UTF8*$!
{
	archiveVersion = 1;
	classes = {
	};
	objectVersion = 77;
	objects = {

/* Begin PBXBuildFile section */
		A453CD032FBDF94900003CD5 /* DaaiZekBroWatch.app in Embed Watch Content */ = {isa = PBXBuildFile; fileRef = A453CD062FBDF94900003CD5 /* DaaiZekBroWatch.app */; settings = {ATTRIBUTES = (RemoveHeadersOnCopy, ); }; };
/* End PBXBuildFile section */

/* Begin PBXContainerItemProxy section */
		A453CCE62FBDF94900003CD5 /* PBXContainerItemProxy */ = {
			isa = PBXContainerItemProxy;
			containerPortal = A453CCCC2FBDF94800003CD5 /* Project object */;
			proxyType = 1;
			remoteGlobalIDString = A453CCD32FBDF94800003CD5;
			remoteInfo = DaaiZekBro;
		};
		A453CCF02FBDF94900003CD5 /* PBXContainerItemProxy */ = {
			isa = PBXContainerItemProxy;
			containerPortal = A453CCCC2FBDF94800003CD5 /* Project object */;
			proxyType = 1;
			remoteGlobalIDString = A453CCD32FBDF94800003CD5;
			remoteInfo = DaaiZekBro;
		};
		A453CD042FBDF94900003CD5 /* PBXContainerItemProxy */ = {
			isa = PBXContainerItemProxy;
			containerPortal = A453CCCC2FBDF94800003CD5 /* Project object */;
			proxyType = 1;
			remoteGlobalIDString = A453CD092FBDF94900003CD5;
			remoteInfo = DaaiZekBroWatch;
		};
/* End PBXContainerItemProxy section */

/* Begin PBXCopyFilesBuildPhase section */
		A453CD052FBDF94900003CD5 /* Embed Watch Content */ = {
			isa = PBXCopyFilesBuildPhase;
			buildActionMask = 2147483647;
			dstPath = "$(CONTENTS_FOLDER_PATH)/Watch";
			dstSubfolderSpec = 16;
			files = (
				A453CD032FBDF94900003CD5 /* DaaiZekBroWatch.app in Embed Watch Content */,
			);
			name = "Embed Watch Content";
			runOnlyForDeploymentPostprocessing = 0;
		};
/* End PBXCopyFilesBuildPhase section */

/* Begin PBXFileReference section */
		A453CCD42FBDF94800003CD5 /* DaaiZekBro.app */ = {isa = PBXFileReference; explicitFileType = wrapper.application; includeInIndex = 0; path = DaaiZekBro.app; sourceTree = BUILT_PRODUCTS_DIR; };
		A453CCE52FBDF94900003CD5 /* DaaiZekBroTests.xctest */ = {isa = PBXFileReference; explicitFileType = wrapper.cfbundle; includeInIndex = 0; path = DaaiZekBroTests.xctest; sourceTree = BUILT_PRODUCTS_DIR; };
		A453CCEF2FBDF94900003CD5 /* DaaiZekBroUITests.xctest */ = {isa = PBXFileReference; explicitFileType = wrapper.cfbundle; includeInIndex = 0; path = DaaiZekBroUITests.xctest; sourceTree = BUILT_PRODUCTS_DIR; };
		A453CD062FBDF94900003CD5 /* DaaiZekBroWatch.app */ = {isa = PBXFileReference; explicitFileType = wrapper.application; includeInIndex = 0; path = DaaiZekBroWatch.app; sourceTree = BUILT_PRODUCTS_DIR; };
/* End PBXFileReference section */

/* Begin PBXFileSystemSynchronizedBuildFileExceptionSet section */
		A453CCF72FBDF94900003CD5 /* Exceptions for "DaaiZekBro" folder in "DaaiZekBro" target */ = {
			isa = PBXFileSystemSynchronizedBuildFileExceptionSet;
			membershipExceptions = (
				Info.plist,
			);
			target = A453CCD32FBDF94800003CD5 /* DaaiZekBro */;
		};
		A453CD112FBDF94900003CD5 /* Exceptions for "DaaiZekBroWatch" folder in "DaaiZekBroWatch" target */ = {
			isa = PBXFileSystemSynchronizedBuildFileExceptionSet;
			membershipExceptions = (
				Info.plist,
			);
			target = A453CD092FBDF94900003CD5 /* DaaiZekBroWatch */;
		};
/* End PBXFileSystemSynchronizedBuildFileExceptionSet section */

/* Begin PBXFileSystemSynchronizedRootGroup section */
		A453CCD62FBDF94800003CD5 /* DaaiZekBro */ = {
			isa = PBXFileSystemSynchronizedRootGroup;
			exceptions = (
				A453CCF72FBDF94900003CD5 /* Exceptions for "DaaiZekBro" folder in "DaaiZekBro" target */,
			);
			path = DaaiZekBro;
			sourceTree = "<group>";
		};
		A453CCE82FBDF94900003CD5 /* DaaiZekBroTests */ = {
			isa = PBXFileSystemSynchronizedRootGroup;
			path = DaaiZekBroTests;
			sourceTree = "<group>";
		};
		A453CCF22FBDF94900003CD5 /* DaaiZekBroUITests */ = {
			isa = PBXFileSystemSynchronizedRootGroup;
			path = DaaiZekBroUITests;
			sourceTree = "<group>";
		};
		A453CD072FBDF94900003CD5 /* DaaiZekBroWatch */ = {
			isa = PBXFileSystemSynchronizedRootGroup;
			exceptions = (
				A453CD112FBDF94900003CD5 /* Exceptions for "DaaiZekBroWatch" folder in "DaaiZekBroWatch" target */,
			);
			path = DaaiZekBroWatch;
			sourceTree = "<group>";
		};
		A453CD102FBDF94900003CD5 /* Shared */ = {
			isa = PBXFileSystemSynchronizedRootGroup;
			name = Shared;
			path = DaaiZekBro/Shared;
			sourceTree = "<group>";
		};
/* End PBXFileSystemSynchronizedRootGroup section */

/* Begin PBXFrameworksBuildPhase section */
		A453CCD12FBDF94800003CD5 /* Frameworks */ = {
			isa = PBXFrameworksBuildPhase;
			buildActionMask = 2147483647;
			files = (
			);
			runOnlyForDeploymentPostprocessing = 0;
		};
		A453CCE22FBDF94900003CD5 /* Frameworks */ = {
			isa = PBXFrameworksBuildPhase;
			buildActionMask = 2147483647;
			files = (
			);
			runOnlyForDeploymentPostprocessing = 0;
		};
		A453CCEC2FBDF94900003CD5 /* Frameworks */ = {
			isa = PBXFrameworksBuildPhase;
			buildActionMask = 2147483647;
			files = (
			);
			runOnlyForDeploymentPostprocessing = 0;
		};
		A453CD082FBDF94900003CD5 /* Frameworks */ = {
			isa = PBXFrameworksBuildPhase;
			buildActionMask = 2147483647;
			files = (
			);
			runOnlyForDeploymentPostprocessing = 0;
		};
/* End PBXFrameworksBuildPhase section */

/* Begin PBXGroup section */
		A453CCCB2FBDF94800003CD5 = {
			isa = PBXGroup;
			children = (
				A453CCD62FBDF94800003CD5 /* DaaiZekBro */,
				A453CD102FBDF94900003CD5 /* Shared */,
				A453CD072FBDF94900003CD5 /* DaaiZekBroWatch */,
				A453CCE82FBDF94900003CD5 /* DaaiZekBroTests */,
				A453CCF22FBDF94900003CD5 /* DaaiZekBroUITests */,
				A453CCD52FBDF94800003CD5 /* Products */,
			);
			sourceTree = "<group>";
		};
		A453CCD52FBDF94800003CD5 /* Products */ = {
			isa = PBXGroup;
			children = (
				A453CCD42FBDF94800003CD5 /* DaaiZekBro.app */,
				A453CD062FBDF94900003CD5 /* DaaiZekBroWatch.app */,
				A453CCE52FBDF94900003CD5 /* DaaiZekBroTests.xctest */,
				A453CCEF2FBDF94900003CD5 /* DaaiZekBroUITests.xctest */,
			);
			name = Products;
			sourceTree = "<group>";
		};
/* End PBXGroup section */

/* Begin PBXNativeTarget section */
		A453CCD32FBDF94800003CD5 /* DaaiZekBro */ = {
			isa = PBXNativeTarget;
			buildConfigurationList = A453CCF82FBDF94900003CD5 /* Build configuration list for PBXNativeTarget "DaaiZekBro" */;
			buildPhases = (
				A453CCD02FBDF94800003CD5 /* Sources */,
				A453CCD12FBDF94800003CD5 /* Frameworks */,
				A453CCD22FBDF94800003CD5 /* Resources */,
				A453CD052FBDF94900003CD5 /* Embed Watch Content */,
			);
			buildRules = (
			);
			dependencies = (
				A453CD0C2FBDF94900003CD5 /* PBXTargetDependency */,
			);
			fileSystemSynchronizedGroups = (
				A453CCD62FBDF94800003CD5 /* DaaiZekBro */,
			);
			name = DaaiZekBro;
			packageProductDependencies = (
			);
			productName = DaaiZekBro;
			productReference = A453CCD42FBDF94800003CD5 /* DaaiZekBro.app */;
			productType = "com.apple.product-type.application";
		};
		A453CD092FBDF94900003CD5 /* DaaiZekBroWatch */ = {
			isa = PBXNativeTarget;
			buildConfigurationList = A453CD0F2FBDF94900003CD5 /* Build configuration list for PBXNativeTarget "DaaiZekBroWatch" */;
			buildPhases = (
				A453CD0B2FBDF94900003CD5 /* Sources */,
				A453CD082FBDF94900003CD5 /* Frameworks */,
				A453CD0A2FBDF94900003CD5 /* Resources */,
			);
			buildRules = (
			);
			dependencies = (
			);
			fileSystemSynchronizedGroups = (
				A453CD072FBDF94900003CD5 /* DaaiZekBroWatch */,
				A453CD102FBDF94900003CD5 /* Shared */,
			);
			name = DaaiZekBroWatch;
			packageProductDependencies = (
			);
			productName = DaaiZekBroWatch;
			productReference = A453CD062FBDF94900003CD5 /* DaaiZekBroWatch.app */;
			productType = "com.apple.product-type.application";
		};
		A453CCE42FBDF94900003CD5 /* DaaiZekBroTests */ = {
			isa = PBXNativeTarget;
			buildConfigurationList = A453CCFD2FBDF94900003CD5 /* Build configuration list for PBXNativeTarget "DaaiZekBroTests" */;
			buildPhases = (
				A453CCE12FBDF94900003CD5 /* Sources */,
				A453CCE22FBDF94900003CD5 /* Frameworks */,
				A453CCE32FBDF94900003CD5 /* Resources */,
			);
			buildRules = (
			);
			dependencies = (
				A453CCE72FBDF94900003CD5 /* PBXTargetDependency */,
			);
			fileSystemSynchronizedGroups = (
				A453CCE82FBDF94900003CD5 /* DaaiZekBroTests */,
			);
			name = DaaiZekBroTests;
			packageProductDependencies = (
			);
			productName = DaaiZekBroTests;
			productReference = A453CCE52FBDF94900003CD5 /* DaaiZekBroTests.xctest */;
			productType = "com.apple.product-type.bundle.unit-test";
		};
		A453CCEE2FBDF94900003CD5 /* DaaiZekBroUITests */ = {
			isa = PBXNativeTarget;
			buildConfigurationList = A453CD002FBDF94900003CD5 /* Build configuration list for PBXNativeTarget "DaaiZekBroUITests" */;
			buildPhases = (
				A453CCEB2FBDF94900003CD5 /* Sources */,
				A453CCEC2FBDF94900003CD5 /* Frameworks */,
				A453CCED2FBDF94900003CD5 /* Resources */,
			);
			buildRules = (
			);
			dependencies = (
				A453CCF12FBDF94900003CD5 /* PBXTargetDependency */,
			);
			fileSystemSynchronizedGroups = (
				A453CCF22FBDF94900003CD5 /* DaaiZekBroUITests */,
			);
			name = DaaiZekBroUITests;
			packageProductDependencies = (
			);
			productName = DaaiZekBroUITests;
			productReference = A453CCEF2FBDF94900003CD5 /* DaaiZekBroUITests.xctest */;
			productType = "com.apple.product-type.bundle.ui-testing";
		};
/* End PBXNativeTarget section */

/* Begin PBXProject section */
		A453CCCC2FBDF94800003CD5 /* Project object */ = {
			isa = PBXProject;
			attributes = {
				BuildIndependentTargetsInParallel = 1;
				LastSwiftUpdateCheck = 2650;
				LastUpgradeCheck = 2650;
				TargetAttributes = {
					A453CCD32FBDF94800003CD5 = {
						CreatedOnToolsVersion = 26.5;
					};
					A453CD092FBDF94900003CD5 = {
						CreatedOnToolsVersion = 26.5;
					};
					A453CCE42FBDF94900003CD5 = {
						CreatedOnToolsVersion = 26.5;
						TestTargetID = A453CCD32FBDF94800003CD5;
					};
					A453CCEE2FBDF94900003CD5 = {
						CreatedOnToolsVersion = 26.5;
						TestTargetID = A453CCD32FBDF94800003CD5;
					};
				};
			};
			buildConfigurationList = A453CCCF2FBDF94800003CD5 /* Build configuration list for PBXProject "DaaiZekBro" */;
			developmentRegion = en;
			hasScannedForEncodings = 0;
			knownRegions = (
				en,
				Base,
			);
			mainGroup = A453CCCB2FBDF94800003CD5;
			minimizedProjectReferenceProxies = 1;
			preferredProjectObjectVersion = 77;
			productRefGroup = A453CCD52FBDF94800003CD5 /* Products */;
			projectDirPath = "";
			projectRoot = "";
			targets = (
				A453CCD32FBDF94800003CD5 /* DaaiZekBro */,
				A453CD092FBDF94900003CD5 /* DaaiZekBroWatch */,
				A453CCE42FBDF94900003CD5 /* DaaiZekBroTests */,
				A453CCEE2FBDF94900003CD5 /* DaaiZekBroUITests */,
			);
		};
/* End PBXProject section */

/* Begin PBXResourcesBuildPhase section */
		A453CCD22FBDF94800003CD5 /* Resources */ = {
			isa = PBXResourcesBuildPhase;
			buildActionMask = 2147483647;
			files = (
			);
			runOnlyForDeploymentPostprocessing = 0;
		};
		A453CCE32FBDF94900003CD5 /* Resources */ = {
			isa = PBXResourcesBuildPhase;
			buildActionMask = 2147483647;
			files = (
			);
			runOnlyForDeploymentPostprocessing = 0;
		};
		A453CCED2FBDF94900003CD5 /* Resources */ = {
			isa = PBXResourcesBuildPhase;
			buildActionMask = 2147483647;
			files = (
			);
			runOnlyForDeploymentPostprocessing = 0;
		};
		A453CD0A2FBDF94900003CD5 /* Resources */ = {
			isa = PBXResourcesBuildPhase;
			buildActionMask = 2147483647;
			files = (
			);
			runOnlyForDeploymentPostprocessing = 0;
		};
/* End PBXResourcesBuildPhase section */

/* Begin PBXSourcesBuildPhase section */
		A453CCD02FBDF94800003CD5 /* Sources */ = {
			isa = PBXSourcesBuildPhase;
			buildActionMask = 2147483647;
			files = (
			);
			runOnlyForDeploymentPostprocessing = 0;
		};
		A453CCE12FBDF94900003CD5 /* Sources */ = {
			isa = PBXSourcesBuildPhase;
			buildActionMask = 2147483647;
			files = (
			);
			runOnlyForDeploymentPostprocessing = 0;
		};
		A453CCEB2FBDF94900003CD5 /* Sources */ = {
			isa = PBXSourcesBuildPhase;
			buildActionMask = 2147483647;
			files = (
			);
			runOnlyForDeploymentPostprocessing = 0;
		};
		A453CD0B2FBDF94900003CD5 /* Sources */ = {
			isa = PBXSourcesBuildPhase;
			buildActionMask = 2147483647;
			files = (
			);
			runOnlyForDeploymentPostprocessing = 0;
		};
/* End PBXSourcesBuildPhase section */

/* Begin PBXTargetDependency section */
		A453CCE72FBDF94900003CD5 /* PBXTargetDependency */ = {
			isa = PBXTargetDependency;
			target = A453CCD32FBDF94800003CD5 /* DaaiZekBro */;
			targetProxy = A453CCE62FBDF94900003CD5 /* PBXContainerItemProxy */;
		};
		A453CCF12FBDF94900003CD5 /* PBXTargetDependency */ = {
			isa = PBXTargetDependency;
			target = A453CCD32FBDF94800003CD5 /* DaaiZekBro */;
			targetProxy = A453CCF02FBDF94900003CD5 /* PBXContainerItemProxy */;
		};
		A453CD0C2FBDF94900003CD5 /* PBXTargetDependency */ = {
			isa = PBXTargetDependency;
			target = A453CD092FBDF94900003CD5 /* DaaiZekBroWatch */;
			targetProxy = A453CD042FBDF94900003CD5 /* PBXContainerItemProxy */;
		};
/* End PBXTargetDependency section */

/* Begin XCBuildConfiguration section */
		A453CCF92FBDF94900003CD5 /* Debug */ = {
			isa = XCBuildConfiguration;
			buildSettings = {
				ASSETCATALOG_COMPILER_APPICON_NAME = AppIcon;
				ASSETCATALOG_COMPILER_GLOBAL_ACCENT_COLOR_NAME = AccentColor;
				CODE_SIGN_STYLE = Automatic;
				CURRENT_PROJECT_VERSION = 1;
				DEVELOPMENT_TEAM = KMVXHQY3PA;
				ENABLE_APP_SANDBOX = YES;
				ENABLE_PREVIEWS = YES;
				ENABLE_USER_SELECTED_FILES = readonly;
				GENERATE_INFOPLIST_FILE = YES;
				INFOPLIST_FILE = DaaiZekBro/Info.plist;
				"INFOPLIST_KEY_UIApplicationSceneManifest_Generation[sdk=iphoneos*]" = YES;
				"INFOPLIST_KEY_UIApplicationSceneManifest_Generation[sdk=iphonesimulator*]" = YES;
				"INFOPLIST_KEY_UIApplicationSupportsIndirectInputEvents[sdk=iphoneos*]" = YES;
				"INFOPLIST_KEY_UIApplicationSupportsIndirectInputEvents[sdk=iphonesimulator*]" = YES;
				"INFOPLIST_KEY_UILaunchScreen_Generation[sdk=iphoneos*]" = YES;
				"INFOPLIST_KEY_UILaunchScreen_Generation[sdk=iphonesimulator*]" = YES;
				"INFOPLIST_KEY_UIStatusBarStyle[sdk=iphoneos*]" = UIStatusBarStyleDefault;
				"INFOPLIST_KEY_UIStatusBarStyle[sdk=iphonesimulator*]" = UIStatusBarStyleDefault;
				INFOPLIST_KEY_UISupportedInterfaceOrientations_iPad = "UIInterfaceOrientationPortrait UIInterfaceOrientationPortraitUpsideDown UIInterfaceOrientationLandscapeLeft UIInterfaceOrientationLandscapeRight";
				INFOPLIST_KEY_UISupportedInterfaceOrientations_iPhone = "UIInterfaceOrientationPortrait UIInterfaceOrientationLandscapeLeft UIInterfaceOrientationLandscapeRight";
				IPHONEOS_DEPLOYMENT_TARGET = 17.0;
				LD_RUNPATH_SEARCH_PATHS = "@executable_path/Frameworks";
				"LD_RUNPATH_SEARCH_PATHS[sdk=macosx*]" = "@executable_path/../Frameworks";
				MACOSX_DEPLOYMENT_TARGET = 26.4;
				MARKETING_VERSION = 1.0;
				PRODUCT_BUNDLE_IDENTIFIER = com.liangqan.DaaiZekBro;
				PRODUCT_NAME = "$(TARGET_NAME)";
				REGISTER_APP_GROUPS = YES;
				SDKROOT = auto;
				STRING_CATALOG_GENERATE_SYMBOLS = YES;
				SUPPORTED_PLATFORMS = "iphoneos iphonesimulator macosx xros xrsimulator";
				SWIFT_APPROACHABLE_CONCURRENCY = YES;
				SWIFT_DEFAULT_ACTOR_ISOLATION = MainActor;
				SWIFT_EMIT_LOC_STRINGS = YES;
				SWIFT_UPCOMING_FEATURE_MEMBER_IMPORT_VISIBILITY = YES;
				SWIFT_VERSION = 5.0;
				TARGETED_DEVICE_FAMILY = "1,2,7";
				XROS_DEPLOYMENT_TARGET = 26.5;
			};
			name = Debug;
		};
		A453CCFA2FBDF94900003CD5 /* Release */ = {
			isa = XCBuildConfiguration;
			buildSettings = {
				ASSETCATALOG_COMPILER_APPICON_NAME = AppIcon;
				ASSETCATALOG_COMPILER_GLOBAL_ACCENT_COLOR_NAME = AccentColor;
				CODE_SIGN_STYLE = Automatic;
				CURRENT_PROJECT_VERSION = 1;
				DEVELOPMENT_TEAM = KMVXHQY3PA;
				ENABLE_APP_SANDBOX = YES;
				ENABLE_PREVIEWS = YES;
				ENABLE_USER_SELECTED_FILES = readonly;
				GENERATE_INFOPLIST_FILE = YES;
				INFOPLIST_FILE = DaaiZekBro/Info.plist;
				"INFOPLIST_KEY_UIApplicationSceneManifest_Generation[sdk=iphoneos*]" = YES;
				"INFOPLIST_KEY_UIApplicationSceneManifest_Generation[sdk=iphonesimulator*]" = YES;
				"INFOPLIST_KEY_UIApplicationSupportsIndirectInputEvents[sdk=iphoneos*]" = YES;
				"INFOPLIST_KEY_UIApplicationSupportsIndirectInputEvents[sdk=iphonesimulator*]" = YES;
				"INFOPLIST_KEY_UILaunchScreen_Generation[sdk=iphoneos*]" = YES;
				"INFOPLIST_KEY_UILaunchScreen_Generation[sdk=iphonesimulator*]" = YES;
				"INFOPLIST_KEY_UIStatusBarStyle[sdk=iphoneos*]" = UIStatusBarStyleDefault;
				"INFOPLIST_KEY_UIStatusBarStyle[sdk=iphonesimulator*]" = UIStatusBarStyleDefault;
				INFOPLIST_KEY_UISupportedInterfaceOrientations_iPad = "UIInterfaceOrientationPortrait UIInterfaceOrientationPortraitUpsideDown UIInterfaceOrientationLandscapeLeft UIInterfaceOrientationLandscapeRight";
				INFOPLIST_KEY_UISupportedInterfaceOrientations_iPhone = "UIInterfaceOrientationPortrait UIInterfaceOrientationLandscapeLeft UIInterfaceOrientationLandscapeRight";
				IPHONEOS_DEPLOYMENT_TARGET = 17.0;
				LD_RUNPATH_SEARCH_PATHS = "@executable_path/Frameworks";
				"LD_RUNPATH_SEARCH_PATHS[sdk=macosx*]" = "@executable_path/../Frameworks";
				MACOSX_DEPLOYMENT_TARGET = 26.4;
				MARKETING_VERSION = 1.0;
				PRODUCT_BUNDLE_IDENTIFIER = com.liangqan.DaaiZekBro;
				PRODUCT_NAME = "$(TARGET_NAME)";
				REGISTER_APP_GROUPS = YES;
				SDKROOT = auto;
				STRING_CATALOG_GENERATE_SYMBOLS = YES;
				SUPPORTED_PLATFORMS = "iphoneos iphonesimulator macosx xros xrsimulator";
				SWIFT_APPROACHABLE_CONCURRENCY = YES;
				SWIFT_DEFAULT_ACTOR_ISOLATION = MainActor;
				SWIFT_EMIT_LOC_STRINGS = YES;
				SWIFT_UPCOMING_FEATURE_MEMBER_IMPORT_VISIBILITY = YES;
				SWIFT_VERSION = 5.0;
				TARGETED_DEVICE_FAMILY = "1,2,7";
				XROS_DEPLOYMENT_TARGET = 26.5;
			};
			name = Release;
		};
		A453CD0D2FBDF94900003CD5 /* Debug */ = {
			isa = XCBuildConfiguration;
			buildSettings = {
				ASSETCATALOG_COMPILER_APPICON_NAME = AppIcon;
				ASSETCATALOG_COMPILER_GLOBAL_ACCENT_COLOR_NAME = AccentColor;
				CODE_SIGN_STYLE = Automatic;
				CURRENT_PROJECT_VERSION = 1;
				DEVELOPMENT_TEAM = KMVXHQY3PA;
				ENABLE_PREVIEWS = YES;
				GENERATE_INFOPLIST_FILE = YES;
				INFOPLIST_KEY_CFBundleDisplayName = DaaiZekBroWatch;
				INFOPLIST_KEY_UISupportedInterfaceOrientations = "UIInterfaceOrientationPortrait UIInterfaceOrientationPortraitUpsideDown";
				INFOPLIST_KEY_WKCompanionAppBundleIdentifier = com.liangqan.DaaiZekBro;
				LD_RUNPATH_SEARCH_PATHS = "$(inherited) @executable_path/Frameworks";
				MARKETING_VERSION = 1.0;
				PRODUCT_BUNDLE_IDENTIFIER = com.liangqan.DaaiZekBro.watchkitapp;
				PRODUCT_NAME = "$(TARGET_NAME)";
				SDKROOT = watchos;
				SKIP_INSTALL = YES;
				STRING_CATALOG_GENERATE_SYMBOLS = YES;
				SUPPORTED_PLATFORMS = "watchos watchsimulator";
				SWIFT_APPROACHABLE_CONCURRENCY = YES;
				SWIFT_DEFAULT_ACTOR_ISOLATION = MainActor;
				SWIFT_EMIT_LOC_STRINGS = YES;
				SWIFT_UPCOMING_FEATURE_MEMBER_IMPORT_VISIBILITY = YES;
				SWIFT_VERSION = 5.0;
				TARGETED_DEVICE_FAMILY = 4;
				WATCHOS_DEPLOYMENT_TARGET = 10.0;
			};
			name = Debug;
		};
		A453CD0E2FBDF94900003CD5 /* Release */ = {
			isa = XCBuildConfiguration;
			buildSettings = {
				ASSETCATALOG_COMPILER_APPICON_NAME = AppIcon;
				ASSETCATALOG_COMPILER_GLOBAL_ACCENT_COLOR_NAME = AccentColor;
				CODE_SIGN_STYLE = Automatic;
				CURRENT_PROJECT_VERSION = 1;
				DEVELOPMENT_TEAM = KMVXHQY3PA;
				ENABLE_PREVIEWS = YES;
				GENERATE_INFOPLIST_FILE = YES;
				INFOPLIST_KEY_CFBundleDisplayName = DaaiZekBroWatch;
				INFOPLIST_KEY_UISupportedInterfaceOrientations = "UIInterfaceOrientationPortrait UIInterfaceOrientationPortraitUpsideDown";
				INFOPLIST_KEY_WKCompanionAppBundleIdentifier = com.liangqan.DaaiZekBro;
				LD_RUNPATH_SEARCH_PATHS = "$(inherited) @executable_path/Frameworks";
				MARKETING_VERSION = 1.0;
				PRODUCT_BUNDLE_IDENTIFIER = com.liangqan.DaaiZekBro.watchkitapp;
				PRODUCT_NAME = "$(TARGET_NAME)";
				SDKROOT = watchos;
				SKIP_INSTALL = YES;
				STRING_CATALOG_GENERATE_SYMBOLS = YES;
				SUPPORTED_PLATFORMS = "watchos watchsimulator";
				SWIFT_APPROACHABLE_CONCURRENCY = YES;
				SWIFT_DEFAULT_ACTOR_ISOLATION = MainActor;
				SWIFT_EMIT_LOC_STRINGS = YES;
				SWIFT_UPCOMING_FEATURE_MEMBER_IMPORT_VISIBILITY = YES;
				SWIFT_VERSION = 5.0;
				TARGETED_DEVICE_FAMILY = 4;
				WATCHOS_DEPLOYMENT_TARGET = 10.0;
			};
			name = Release;
		};
		A453CCFB2FBDF94900003CD5 /* Debug */ = {
			isa = XCBuildConfiguration;
			buildSettings = {
				ALWAYS_SEARCH_USER_PATHS = NO;
				ASSETCATALOG_COMPILER_GENERATE_SWIFT_ASSET_SYMBOL_EXTENSIONS = YES;
				CLANG_ANALYZER_NONNULL = YES;
				CLANG_ANALYZER_NUMBER_OBJECT_CONVERSION = YES_AGGRESSIVE;
				CLANG_CXX_LANGUAGE_STANDARD = "gnu++20";
				CLANG_ENABLE_MODULES = YES;
				CLANG_ENABLE_OBJC_ARC = YES;
				CLANG_ENABLE_OBJC_WEAK = YES;
				CLANG_WARN_BLOCK_CAPTURE_AUTORELEASING = YES;
				CLANG_WARN_BOOL_CONVERSION = YES;
				CLANG_WARN_COMMA = YES;
				CLANG_WARN_CONSTANT_CONVERSION = YES;
				CLANG_WARN_DEPRECATED_OBJC_IMPLEMENTATIONS = YES;
				CLANG_WARN_DIRECT_OBJC_ISA_USAGE = YES_ERROR;
				CLANG_WARN_DOCUMENTATION_COMMENTS = YES;
				CLANG_WARN_EMPTY_BODY = YES;
				CLANG_WARN_ENUM_CONVERSION = YES;
				CLANG_WARN_INFINITE_RECURSION = YES;
				CLANG_WARN_INT_CONVERSION = YES;
				CLANG_WARN_NON_LITERAL_NULL_CONVERSION = YES;
				CLANG_WARN_OBJC_IMPLICIT_RETAIN_SELF = YES;
				CLANG_WARN_OBJC_LITERAL_CONVERSION = YES;
				CLANG_WARN_OBJC_ROOT_CLASS = YES_ERROR;
				CLANG_WARN_QUOTED_INCLUDE_IN_FRAMEWORK_HEADER = YES;
				CLANG_WARN_RANGE_LOOP_ANALYSIS = YES;
				CLANG_WARN_STRICT_PROTOTYPES = YES;
				CLANG_WARN_SUSPICIOUS_MOVE = YES;
				CLANG_WARN_UNGUARDED_AVAILABILITY = YES_AGGRESSIVE;
				CLANG_WARN_UNREACHABLE_CODE = YES;
				CLANG_WARN__DUPLICATE_METHOD_MATCH = YES;
				COPY_PHASE_STRIP = NO;
				DEBUG_INFORMATION_FORMAT = dwarf;
				ENABLE_STRICT_OBJC_MSGSEND = YES;
				ENABLE_TESTABILITY = YES;
				ENABLE_USER_SCRIPT_SANDBOXING = YES;
				GCC_C_LANGUAGE_STANDARD = gnu17;
				GCC_DYNAMIC_NO_PIC = NO;
				GCC_NO_COMMON_BLOCKS = YES;
				GCC_OPTIMIZATION_LEVEL = 0;
				GCC_PREPROCESSOR_DEFINITIONS = (
					"DEBUG=1",
					"$(inherited)",
				);
				GCC_WARN_64_TO_32_BIT_CONVERSION = YES;
				GCC_WARN_ABOUT_RETURN_TYPE = YES_ERROR;
				GCC_WARN_UNDECLARED_SELECTOR = YES;
				GCC_WARN_UNINITIALIZED_AUTOS = YES_AGGRESSIVE;
				GCC_WARN_UNUSED_FUNCTION = YES;
				GCC_WARN_UNUSED_VARIABLE = YES;
				LOCALIZATION_PREFERS_STRING_CATALOGS = YES;
				MTL_ENABLE_DEBUG_INFO = INCLUDE_SOURCE;
				MTL_FAST_MATH = YES;
				ONLY_ACTIVE_ARCH = YES;
				SWIFT_ACTIVE_COMPILATION_CONDITIONS = "DEBUG $(inherited)";
				SWIFT_OPTIMIZATION_LEVEL = "-Onone";
			};
			name = Debug;
		};
		A453CCFC2FBDF94900003CD5 /* Release */ = {
			isa = XCBuildConfiguration;
			buildSettings = {
				ALWAYS_SEARCH_USER_PATHS = NO;
				ASSETCATALOG_COMPILER_GENERATE_SWIFT_ASSET_SYMBOL_EXTENSIONS = YES;
				CLANG_ANALYZER_NONNULL = YES;
				CLANG_ANALYZER_NUMBER_OBJECT_CONVERSION = YES_AGGRESSIVE;
				CLANG_CXX_LANGUAGE_STANDARD = "gnu++20";
				CLANG_ENABLE_MODULES = YES;
				CLANG_ENABLE_OBJC_ARC = YES;
				CLANG_ENABLE_OBJC_WEAK = YES;
				CLANG_WARN_BLOCK_CAPTURE_AUTORELEASING = YES;
				CLANG_WARN_BOOL_CONVERSION = YES;
				CLANG_WARN_COMMA = YES;
				CLANG_WARN_CONSTANT_CONVERSION = YES;
				CLANG_WARN_DEPRECATED_OBJC_IMPLEMENTATIONS = YES;
				CLANG_WARN_DIRECT_OBJC_ISA_USAGE = YES_ERROR;
				CLANG_WARN_DOCUMENTATION_COMMENTS = YES;
				CLANG_WARN_EMPTY_BODY = YES;
				CLANG_WARN_ENUM_CONVERSION = YES;
				CLANG_WARN_INFINITE_RECURSION = YES;
				CLANG_WARN_INT_CONVERSION = YES;
				CLANG_WARN_NON_LITERAL_NULL_CONVERSION = YES;
				CLANG_WARN_OBJC_IMPLICIT_RETAIN_SELF = YES;
				CLANG_WARN_OBJC_LITERAL_CONVERSION = YES;
				CLANG_WARN_OBJC_ROOT_CLASS = YES_ERROR;
				CLANG_WARN_QUOTED_INCLUDE_IN_FRAMEWORK_HEADER = YES;
				CLANG_WARN_RANGE_LOOP_ANALYSIS = YES;
				CLANG_WARN_STRICT_PROTOTYPES = YES;
				CLANG_WARN_SUSPICIOUS_MOVE = YES;
				CLANG_WARN_UNGUARDED_AVAILABILITY = YES_AGGRESSIVE;
				CLANG_WARN_UNREACHABLE_CODE = YES;
				CLANG_WARN__DUPLICATE_METHOD_MATCH = YES;
				COPY_PHASE_STRIP = NO;
				DEBUG_INFORMATION_FORMAT = "dwarf-with-dsym";
				ENABLE_NS_ASSERTIONS = NO;
				ENABLE_STRICT_OBJC_MSGSEND = YES;
				ENABLE_USER_SCRIPT_SANDBOXING = YES;
				GCC_C_LANGUAGE_STANDARD = gnu17;
				GCC_NO_COMMON_BLOCKS = YES;
				GCC_WARN_64_TO_32_BIT_CONVERSION = YES;
				GCC_WARN_ABOUT_RETURN_TYPE = YES_ERROR;
				GCC_WARN_UNDECLARED_SELECTOR = YES;
				GCC_WARN_UNINITIALIZED_AUTOS = YES_AGGRESSIVE;
				GCC_WARN_UNUSED_FUNCTION = YES;
				GCC_WARN_UNUSED_VARIABLE = YES;
				LOCALIZATION_PREFERS_STRING_CATALOGS = YES;
				MTL_ENABLE_DEBUG_INFO = NO;
				MTL_FAST_MATH = YES;
				SWIFT_COMPILATION_MODE = wholemodule;
			};
			name = Release;
		};
		A453CCFE2FBDF94900003CD5 /* Debug */ = {
			isa = XCBuildConfiguration;
			buildSettings = {
				BUNDLE_LOADER = "$(TEST_HOST)";
				CODE_SIGN_STYLE = Automatic;
				CURRENT_PROJECT_VERSION = 1;
				GENERATE_INFOPLIST_FILE = YES;
				IPHONEOS_DEPLOYMENT_TARGET = 17.0;
				MACOSX_DEPLOYMENT_TARGET = 26.4;
				MARKETING_VERSION = 1.0;
				PRODUCT_BUNDLE_IDENTIFIER = com.liangqan.DaaiZekBroTests;
				PRODUCT_NAME = "$(TARGET_NAME)";
				SDKROOT = auto;
				STRING_CATALOG_GENERATE_SYMBOLS = NO;
				SUPPORTED_PLATFORMS = "iphoneos iphonesimulator macosx xros xrsimulator";
				SWIFT_APPROACHABLE_CONCURRENCY = YES;
				SWIFT_EMIT_LOC_STRINGS = NO;
				SWIFT_UPCOMING_FEATURE_MEMBER_IMPORT_VISIBILITY = YES;
				SWIFT_VERSION = 5.0;
				TARGETED_DEVICE_FAMILY = "1,2,7";
				TEST_HOST = "$(BUILT_PRODUCTS_DIR)/DaaiZekBro.app/$(BUNDLE_EXECUTABLE_FOLDER_PATH)/DaaiZekBro";
				XROS_DEPLOYMENT_TARGET = 26.5;
			};
			name = Debug;
		};
		A453CCFF2FBDF94900003CD5 /* Release */ = {
			isa = XCBuildConfiguration;
			buildSettings = {
				BUNDLE_LOADER = "$(TEST_HOST)";
				CODE_SIGN_STYLE = Automatic;
				CURRENT_PROJECT_VERSION = 1;
				GENERATE_INFOPLIST_FILE = YES;
				IPHONEOS_DEPLOYMENT_TARGET = 17.0;
				MACOSX_DEPLOYMENT_TARGET = 26.4;
				MARKETING_VERSION = 1.0;
				PRODUCT_BUNDLE_IDENTIFIER = com.liangqan.DaaiZekBroTests;
				PRODUCT_NAME = "$(TARGET_NAME)";
				SDKROOT = auto;
				STRING_CATALOG_GENERATE_SYMBOLS = NO;
				SUPPORTED_PLATFORMS = "iphoneos iphonesimulator macosx xros xrsimulator";
				SWIFT_APPROACHABLE_CONCURRENCY = YES;
				SWIFT_EMIT_LOC_STRINGS = NO;
				SWIFT_UPCOMING_FEATURE_MEMBER_IMPORT_VISIBILITY = YES;
				SWIFT_VERSION = 5.0;
				TARGETED_DEVICE_FAMILY = "1,2,7";
				TEST_HOST = "$(BUILT_PRODUCTS_DIR)/DaaiZekBro.app/$(BUNDLE_EXECUTABLE_FOLDER_PATH)/DaaiZekBro";
				XROS_DEPLOYMENT_TARGET = 26.5;
			};
			name = Release;
		};
		A453CD012FBDF94900003CD5 /* Debug */ = {
			isa = XCBuildConfiguration;
			buildSettings = {
				CODE_SIGN_STYLE = Automatic;
				CURRENT_PROJECT_VERSION = 1;
				GENERATE_INFOPLIST_FILE = YES;
				IPHONEOS_DEPLOYMENT_TARGET = 17.0;
				MACOSX_DEPLOYMENT_TARGET = 26.4;
				MARKETING_VERSION = 1.0;
				PRODUCT_BUNDLE_IDENTIFIER = com.liangqan.DaaiZekBroUITests;
				PRODUCT_NAME = "$(TARGET_NAME)";
				SDKROOT = auto;
				STRING_CATALOG_GENERATE_SYMBOLS = NO;
				SUPPORTED_PLATFORMS = "iphoneos iphonesimulator macosx xros xrsimulator";
				SWIFT_APPROACHABLE_CONCURRENCY = YES;
				SWIFT_EMIT_LOC_STRINGS = NO;
				SWIFT_UPCOMING_FEATURE_MEMBER_IMPORT_VISIBILITY = YES;
				SWIFT_VERSION = 5.0;
				TARGETED_DEVICE_FAMILY = "1,2,7";
				TEST_TARGET_NAME = DaaiZekBro;
				XROS_DEPLOYMENT_TARGET = 26.5;
			};
			name = Debug;
		};
		A453CD022FBDF94900003CD5 /* Release */ = {
			isa = XCBuildConfiguration;
			buildSettings = {
				CODE_SIGN_STYLE = Automatic;
				CURRENT_PROJECT_VERSION = 1;
				GENERATE_INFOPLIST_FILE = YES;
				IPHONEOS_DEPLOYMENT_TARGET = 17.0;
				MACOSX_DEPLOYMENT_TARGET = 26.4;
				MARKETING_VERSION = 1.0;
				PRODUCT_BUNDLE_IDENTIFIER = com.liangqan.DaaiZekBroUITests;
				PRODUCT_NAME = "$(TARGET_NAME)";
				SDKROOT = auto;
				STRING_CATALOG_GENERATE_SYMBOLS = NO;
				SUPPORTED_PLATFORMS = "iphoneos iphonesimulator macosx xros xrsimulator";
				SWIFT_APPROACHABLE_CONCURRENCY = YES;
				SWIFT_EMIT_LOC_STRINGS = NO;
				SWIFT_UPCOMING_FEATURE_MEMBER_IMPORT_VISIBILITY = YES;
				SWIFT_VERSION = 5.0;
				TARGETED_DEVICE_FAMILY = "1,2,7";
				TEST_TARGET_NAME = DaaiZekBro;
				XROS_DEPLOYMENT_TARGET = 26.5;
			};
			name = Release;
		};
/* End XCBuildConfiguration section */

/* Begin XCConfigurationList section */
		A453CCCF2FBDF94800003CD5 /* Build configuration list for PBXProject "DaaiZekBro" */ = {
			isa = XCConfigurationList;
			buildConfigurations = (
				A453CCFB2FBDF94900003CD5 /* Debug */,
				A453CCFC2FBDF94900003CD5 /* Release */,
			);
			defaultConfigurationIsVisible = 0;
			defaultConfigurationName = Release;
		};
		A453CCF82FBDF94900003CD5 /* Build configuration list for PBXNativeTarget "DaaiZekBro" */ = {
			isa = XCConfigurationList;
			buildConfigurations = (
				A453CCF92FBDF94900003CD5 /* Debug */,
				A453CCFA2FBDF94900003CD5 /* Release */,
			);
			defaultConfigurationIsVisible = 0;
			defaultConfigurationName = Release;
		};
		A453CD0F2FBDF94900003CD5 /* Build configuration list for PBXNativeTarget "DaaiZekBroWatch" */ = {
			isa = XCConfigurationList;
			buildConfigurations = (
				A453CD0D2FBDF94900003CD5 /* Debug */,
				A453CD0E2FBDF94900003CD5 /* Release */,
			);
			defaultConfigurationIsVisible = 0;
			defaultConfigurationName = Release;
		};
		A453CCFD2FBDF94900003CD5 /* Build configuration list for PBXNativeTarget "DaaiZekBroTests" */ = {
			isa = XCConfigurationList;
			buildConfigurations = (
				A453CCFE2FBDF94900003CD5 /* Debug */,
				A453CCFF2FBDF94900003CD5 /* Release */,
			);
			defaultConfigurationIsVisible = 0;
			defaultConfigurationName = Release;
		};
		A453CD002FBDF94900003CD5 /* Build configuration list for PBXNativeTarget "DaaiZekBroUITests" */ = {
			isa = XCConfigurationList;
			buildConfigurations = (
				A453CD012FBDF94900003CD5 /* Debug */,
				A453CD022FBDF94900003CD5 /* Release */,
			);
			defaultConfigurationIsVisible = 0;
			defaultConfigurationName = Release;
		};
/* End XCConfigurationList section */
	};
	rootObject = A453CCCC2FBDF94800003CD5 /* Project object */;
}
